// !$*UTF8*$!
{
	archiveVersion = 1;
	classes = {
	};
	objectVersion = 56;
	objects = {

/* Begin PBXBuildFile section */
		451A54EB2C10C84600A75651 /* chefrecipesApp.swift in Sources */ = {isa = PBXBuildFile; fileRef = 451A54EA2C10C84600A75651 /* chefrecipesApp.swift */; };
		451A54ED2C10C84600A75651 /* AuthenticationView.swift in Sources */ = {isa = PBXBuildFile; fileRef = 451A54EC2C10C84600A75651 /* AuthenticationView.swift */; };
		451A54EF2C10C84800A75651 /* Assets.xcassets in Resources */ = {isa = PBXBuildFile; fileRef = 451A54EE2C10C84800A75651 /* Assets.xcassets */; };
		451A54F22C10C84800A75651 /* Preview Assets.xcassets in Resources */ = {isa = PBXBuildFile; fileRef = 451A54F12C10C84800A75651 /* Preview Assets.xcassets */; };
		451A54FA2C120B5E00A75651 /* GoogleService-Info.plist in Resources */ = {isa = PBXBuildFile; fileRef = 451A54F92C120B5E00A75651 /* GoogleService-Info.plist */; };
		451A54FD2C120B9C00A75651 /* FirebaseAnalytics in Frameworks */ = {isa = PBXBuildFile; productRef = 451A54FC2C120B9C00A75651 /* FirebaseAnalytics */; };
		451A55022C121B2600A75651 /* DismissView.swift in Sources */ = {isa = PBXBuildFile; fileRef = 451A55012C121B2600A75651 /* DismissView.swift */; };
		451A55042C121BA200A75651 /* AuthenticationFirebaseDataSource.swift in Sources */ = {isa = PBXBuildFile; fileRef = 451A55032C121BA200A75651 /* AuthenticationFirebaseDataSource.swift */; };
		451A55072C121BE400A75651 /* FirebaseAuth in Frameworks */ = {isa = PBXBuildFile; productRef = 451A55062C121BE400A75651 /* FirebaseAuth */; };
		451A55092C121C4E00A75651 /* AuthenticationRepository.swift in Sources */ = {isa = PBXBuildFile; fileRef = 451A55082C121C4E00A75651 /* AuthenticationRepository.swift */; };
		451A550B2C121C7900A75651 /* AuthenticationViewModel.swift in Sources */ = {isa = PBXBuildFile; fileRef = 451A550A2C121C7900A75651 /* AuthenticationViewModel.swift */; };
		451A550D2C121FC500A75651 /* RegisterWithEmailView.swift in Sources */ = {isa = PBXBuildFile; fileRef = 451A550C2C121FC500A75651 /* RegisterWithEmailView.swift */; };
		451A550F2C121FE200A75651 /* LoginWithEmail.swift in Sources */ = {isa = PBXBuildFile; fileRef = 451A550E2C121FE200A75651 /* LoginWithEmail.swift */; };
		451A55162C12246300A75651 /* HomeView.swift in Sources */ = {isa = PBXBuildFile; fileRef = 451A55152C12246300A75651 /* HomeView.swift */; };
		451A55182C14676700A75651 /* FirebaseFirestore in Frameworks */ = {isa = PBXBuildFile; productRef = 451A55172C14676700A75651 /* FirebaseFirestore */; };
		45266F732C175A4100BC5527 /* ProfileView.swift in Sources */ = {isa = PBXBuildFile; fileRef = 45266F722C175A4100BC5527 /* ProfileView.swift */; };
		45933CC52C1841690088204B /* ProfileDataSource.swift in Sources */ = {isa = PBXBuildFile; fileRef = 45933CC42C1841690088204B /* ProfileDataSource.swift */; };
		45933CC72C1841760088204B /* ProfileRepository.swift in Sources */ = {isa = PBXBuildFile; fileRef = 45933CC62C1841760088204B /* ProfileRepository.swift */; };
		45933CC92C185E6D0088204B /* MyRecipeDataView.swift in Sources */ = {isa = PBXBuildFile; fileRef = 45933CC82C185E6D0088204B /* MyRecipeDataView.swift */; };
		45933CCB2C1863B70088204B /* NewRecipeSheet.swift in Sources */ = {isa = PBXBuildFile; fileRef = 45933CCA2C1863B70088204B /* NewRecipeSheet.swift */; };
		45933CCE2C18665C0088204B /* RecipeViewModel.swift in Sources */ = {isa = PBXBuildFile; fileRef = 45933CCD2C18665C0088204B /* RecipeViewModel.swift */; };
		45933CD02C189E410088204B /* RecipeDataSource.swift in Sources */ = {isa = PBXBuildFile; fileRef = 45933CCF2C189E410088204B /* RecipeDataSource.swift */; };
		45933CD22C189E4D0088204B /* RecipeRepository.swift in Sources */ = {isa = PBXBuildFile; fileRef = 45933CD12C189E4D0088204B /* RecipeRepository.swift */; };
		45933CD42C1AEA6C0088204B /* UserHomeView.swift in Sources */ = {isa = PBXBuildFile; fileRef = 45933CD32C1AEA6C0088204B /* UserHomeView.swift */; };
		45CD11DE2C1AEF7200ECD1B7 /* RecipeOfTheDayView.swift in Sources */ = {isa = PBXBuildFile; fileRef = 45CD11DD2C1AEF7200ECD1B7 /* RecipeOfTheDayView.swift */; };
		45CD11E02C1B067100ECD1B7 /* MostSavedRecipesView.swift in Sources */ = {isa = PBXBuildFile; fileRef = 45CD11DF2C1B067100ECD1B7 /* MostSavedRecipesView.swift */; };
		45D67C502C175C5600086E08 /* InfoView.swift in Sources */ = {isa = PBXBuildFile; fileRef = 45D67C4F2C175C5600086E08 /* InfoView.swift */; };
		45D67C522C175C6600086E08 /* MyRecipesView.swift in Sources */ = {isa = PBXBuildFile; fileRef = 45D67C512C175C6600086E08 /* MyRecipesView.swift */; };
		45D67C542C175CBA00086E08 /* ProfileViewModel.swift in Sources */ = {isa = PBXBuildFile; fileRef = 45D67C532C175CBA00086E08 /* ProfileViewModel.swift */; };
/* End PBXBuildFile section */

/* Begin PBXFileReference section */
		451A54E72C10C84600A75651 /* chefrecipes.app */ = {isa = PBXFileReference; explicitFileType = wrapper.application; includeInIndex = 0; path = chefrecipes.app; sourceTree = BUILT_PRODUCTS_DIR; };
		451A54EA2C10C84600A75651 /* chefrecipesApp.swift */ = {isa = PBXFileReference; lastKnownFileType = sourcecode.swift; path = chefrecipesApp.swift; sourceTree = "<group>"; };
		451A54EC2C10C84600A75651 /* AuthenticationView.swift */ = {isa = PBXFileReference; lastKnownFileType = sourcecode.swift; path = AuthenticationView.swift; sourceTree = "<group>"; };
		451A54EE2C10C84800A75651 /* Assets.xcassets */ = {isa = PBXFileReference; lastKnownFileType = folder.assetcatalog; path = Assets.xcassets; sourceTree = "<group>"; };
		451A54F12C10C84800A75651 /* Preview Assets.xcassets */ = {isa = PBXFileReference; lastKnownFileType = folder.assetcatalog; path = "Preview Assets.xcassets"; sourceTree = "<group>"; };
		451A54F92C120B5E00A75651 /* GoogleService-Info.plist */ = {isa = PBXFileReference; fileEncoding = 4; lastKnownFileType = text.plist.xml; name = "GoogleService-Info.plist"; path = "../../GoogleService-Info.plist"; sourceTree = "<group>"; };
		451A55012C121B2600A75651 /* DismissView.swift */ = {isa = PBXFileReference; lastKnownFileType = sourcecode.swift; path = DismissView.swift; sourceTree = "<group>"; };
		451A55032C121BA200A75651 /* AuthenticationFirebaseDataSource.swift */ = {isa = PBXFileReference; lastKnownFileType = sourcecode.swift; path = AuthenticationFirebaseDataSource.swift; sourceTree = "<group>"; };
		451A55082C121C4E00A75651 /* AuthenticationRepository.swift */ = {isa = PBXFileReference; lastKnownFileType = sourcecode.swift; path = AuthenticationRepository.swift; sourceTree = "<group>"; };
		451A550A2C121C7900A75651 /* AuthenticationViewModel.swift */ = {isa = PBXFileReference; lastKnownFileType = sourcecode.swift; path = AuthenticationViewModel.swift; sourceTree = "<group>"; };
		451A550C2C121FC500A75651 /* RegisterWithEmailView.swift */ = {isa = PBXFileReference; lastKnownFileType = sourcecode.swift; path = RegisterWithEmailView.swift; sourceTree = "<group>"; };
		451A550E2C121FE200A75651 /* LoginWithEmail.swift */ = {isa = PBXFileReference; lastKnownFileType = sourcecode.swift; path = LoginWithEmail.swift; sourceTree = "<group>"; };
		451A55152C12246300A75651 /* HomeView.swift */ = {isa = PBXFileReference; lastKnownFileType = sourcecode.swift; path = HomeView.swift; sourceTree = "<group>"; };
		45266F722C175A4100BC5527 /* ProfileView.swift */ = {isa = PBXFileReference; lastKnownFileType = sourcecode.swift; path = ProfileView.swift; sourceTree = "<group>"; };
		45933CC42C1841690088204B /* ProfileDataSource.swift */ = {isa = PBXFileReference; lastKnownFileType = sourcecode.swift; path = ProfileDataSource.swift; sourceTree = "<group>"; };
		45933CC62C1841760088204B /* ProfileRepository.swift */ = {isa = PBXFileReference; lastKnownFileType = sourcecode.swift; path = ProfileRepository.swift; sourceTree = "<group>"; };
		45933CC82C185E6D0088204B /* MyRecipeDataView.swift */ = {isa = PBXFileReference; lastKnownFileType = sourcecode.swift; path = MyRecipeDataView.swift; sourceTree = "<group>"; };
		45933CCA2C1863B70088204B /* NewRecipeSheet.swift */ = {isa = PBXFileReference; lastKnownFileType = sourcecode.swift; path = NewRecipeSheet.swift; sourceTree = "<group>"; };
		45933CCD2C18665C0088204B /* RecipeViewModel.swift */ = {isa = PBXFileReference; lastKnownFileType = sourcecode.swift; path = RecipeViewModel.swift; sourceTree = "<group>"; };
		45933CCF2C189E410088204B /* RecipeDataSource.swift */ = {isa = PBXFileReference; lastKnownFileType = sourcecode.swift; path = RecipeDataSource.swift; sourceTree = "<group>"; };
		45933CD12C189E4D0088204B /* RecipeRepository.swift */ = {isa = PBXFileReference; lastKnownFileType = sourcecode.swift; path = RecipeRepository.swift; sourceTree = "<group>"; };
		45933CD32C1AEA6C0088204B /* UserHomeView.swift */ = {isa = PBXFileReference; lastKnownFileType = sourcecode.swift; path = UserHomeView.swift; sourceTree = "<group>"; };
		45CD11DD2C1AEF7200ECD1B7 /* RecipeOfTheDayView.swift */ = {isa = PBXFileReference; lastKnownFileType = sourcecode.swift; path = RecipeOfTheDayView.swift; sourceTree = "<group>"; };
		45CD11DF2C1B067100ECD1B7 /* MostSavedRecipesView.swift */ = {isa = PBXFileReference; lastKnownFileType = sourcecode.swift; path = MostSavedRecipesView.swift; sourceTree = "<group>"; };
		45D67C4F2C175C5600086E08 /* InfoView.swift */ = {isa = PBXFileReference; lastKnownFileType = sourcecode.swift; path = InfoView.swift; sourceTree = "<group>"; };
		45D67C512C175C6600086E08 /* MyRecipesView.swift */ = {isa = PBXFileReference; lastKnownFileType = sourcecode.swift; path = MyRecipesView.swift; sourceTree = "<group>"; };
		45D67C532C175CBA00086E08 /* ProfileViewModel.swift */ = {isa = PBXFileReference; lastKnownFileType = sourcecode.swift; path = ProfileViewModel.swift; sourceTree = "<group>"; };
/* End PBXFileReference section */

/* Begin PBXFrameworksBuildPhase section */
		451A54E42C10C84600A75651 /* Frameworks */ = {
			isa = PBXFrameworksBuildPhase;
			buildActionMask = 2147483647;
			files = (
				451A54FD2C120B9C00A75651 /* FirebaseAnalytics in Frameworks */,
				451A55072C121BE400A75651 /* FirebaseAuth in Frameworks */,
				451A55182C14676700A75651 /* FirebaseFirestore in Frameworks */,
			);
			runOnlyForDeploymentPostprocessing = 0;
		};
/* End PBXFrameworksBuildPhase section */

/* Begin PBXGroup section */
		451A54DE2C10C84600A75651 = {
			isa = PBXGroup;
			children = (
				451A54E92C10C84600A75651 /* chefrecipes */,
				451A54E82C10C84600A75651 /* Products */,
				451A55052C121BE400A75651 /* Frameworks */,
			);
			sourceTree = "<group>";
		};
		451A54E82C10C84600A75651 /* Products */ = {
			isa = PBXGroup;
			children = (
				451A54E72C10C84600A75651 /* chefrecipes.app */,
			);
			name = Products;
			sourceTree = "<group>";
		};
		451A54E92C10C84600A75651 /* chefrecipes */ = {
			isa = PBXGroup;
			children = (
				451A55102C1223F200A75651 /* app */,
				451A54F82C12088700A75651 /* authentication */,
				451A54EA2C10C84600A75651 /* chefrecipesApp.swift */,
				451A54EE2C10C84800A75651 /* Assets.xcassets */,
				451A54F92C120B5E00A75651 /* GoogleService-Info.plist */,
				451A54F02C10C84800A75651 /* Preview Content */,
			);
			path = chefrecipes;
			sourceTree = "<group>";
		};
		451A54F02C10C84800A75651 /* Preview Content */ = {
			isa = PBXGroup;
			children = (
				451A54F12C10C84800A75651 /* Preview Assets.xcassets */,
			);
			path = "Preview Content";
			sourceTree = "<group>";
		};
		451A54F82C12088700A75651 /* authentication */ = {
			isa = PBXGroup;
			children = (
				451A55002C120F4700A75651 /* viewmodel */,
				451A54FF2C120F1F00A75651 /* repository */,
				451A54FE2C120F1200A75651 /* view */,
			);
			path = authentication;
			sourceTree = "<group>";
		};
		451A54FE2C120F1200A75651 /* view */ = {
			isa = PBXGroup;
			children = (
				451A54EC2C10C84600A75651 /* AuthenticationView.swift */,
				451A55012C121B2600A75651 /* DismissView.swift */,
				451A550C2C121FC500A75651 /* RegisterWithEmailView.swift */,
				451A550E2C121FE200A75651 /* LoginWithEmail.swift */,
			);
			path = view;
			sourceTree = "<group>";
		};
		451A54FF2C120F1F00A75651 /* repository */ = {
			isa = PBXGroup;
			children = (
				451A55032C121BA200A75651 /* AuthenticationFirebaseDataSource.swift */,
				451A55082C121C4E00A75651 /* AuthenticationRepository.swift */,
			);
			path = repository;
			sourceTree = "<group>";
		};
		451A55002C120F4700A75651 /* viewmodel */ = {
			isa = PBXGroup;
			children = (
				451A550A2C121C7900A75651 /* AuthenticationViewModel.swift */,
			);
			path = viewmodel;
			sourceTree = "<group>";
		};
		451A55052C121BE400A75651 /* Frameworks */ = {
			isa = PBXGroup;
			children = (
			);
			name = Frameworks;
			sourceTree = "<group>";
		};
		451A55102C1223F200A75651 /* app */ = {
			isa = PBXGroup;
			children = (
				451A55122C12241200A75651 /* all */,
			);
			path = app;
			sourceTree = "<group>";
		};
		451A55122C12241200A75651 /* all */ = {
			isa = PBXGroup;
			children = (
				45266F712C175A0800BC5527 /* viewmodel */,
				45266F702C175A0100BC5527 /* repository */,
				45266F6F2C1759F900BC5527 /* view */,
			);
			path = all;
			sourceTree = "<group>";
		};
		45266F6F2C1759F900BC5527 /* view */ = {
			isa = PBXGroup;
			children = (
				45933CD62C1AED370088204B /* profile */,
				45933CD52C1AECFE0088204B /* home */,
			);
			path = view;
			sourceTree = "<group>";
		};
		45266F702C175A0100BC5527 /* repository */ = {
			isa = PBXGroup;
			children = (
				45933CC42C1841690088204B /* ProfileDataSource.swift */,
				45933CC62C1841760088204B /* ProfileRepository.swift */,
				45933CCF2C189E410088204B /* RecipeDataSource.swift */,
				45933CD12C189E4D0088204B /* RecipeRepository.swift */,
			);
			path = repository;
			sourceTree = "<group>";
		};
		45266F712C175A0800BC5527 /* viewmodel */ = {
			isa = PBXGroup;
			children = (
				45D67C532C175CBA00086E08 /* ProfileViewModel.swift */,
				45933CCD2C18665C0088204B /* RecipeViewModel.swift */,
			);
			path = viewmodel;
			sourceTree = "<group>";
		};
		45933CD52C1AECFE0088204B /* home */ = {
			isa = PBXGroup;
			children = (
				451A55152C12246300A75651 /* HomeView.swift */,
				45933CD32C1AEA6C0088204B /* UserHomeView.swift */,
				45CD11DD2C1AEF7200ECD1B7 /* RecipeOfTheDayView.swift */,
				45CD11DF2C1B067100ECD1B7 /* MostSavedRecipesView.swift */,
			);
			path = home;
			sourceTree = "<group>";
		};
		45933CD62C1AED370088204B /* profile */ = {
			isa = PBXGroup;
			children = (
				45266F722C175A4100BC5527 /* ProfileView.swift */,
				45D67C4F2C175C5600086E08 /* InfoView.swift */,
				45D67C512C175C6600086E08 /* MyRecipesView.swift */,
				45933CC82C185E6D0088204B /* MyRecipeDataView.swift */,
				45933CCA2C1863B70088204B /* NewRecipeSheet.swift */,
			);
			path = profile;
			sourceTree = "<group>";
		};
/* End PBXGroup section */

/* Begin PBXNativeTarget section */
		451A54E62C10C84600A75651 /* chefrecipes */ = {
			isa = PBXNativeTarget;
			buildConfigurationList = 451A54F52C10C84800A75651 /* Build configuration list for PBXNativeTarget "chefrecipes" */;
			buildPhases = (
				451A54E32C10C84600A75651 /* Sources */,
				451A54E42C10C84600A75651 /* Frameworks */,
				451A54E52C10C84600A75651 /* Resources */,
			);
			buildRules = (
			);
			dependencies = (
			);
			name = chefrecipes;
			packageProductDependencies = (
				451A54FC2C120B9C00A75651 /* FirebaseAnalytics */,
				451A55062C121BE400A75651 /* FirebaseAuth */,
				451A55172C14676700A75651 /* FirebaseFirestore */,
			);
			productName = chefrecipes;
			productReference = 451A54E72C10C84600A75651 /* chefrecipes.app */;
			productType = "com.apple.product-type.application";
		};
/* End PBXNativeTarget section */

/* Begin PBXProject section */
		451A54DF2C10C84600A75651 /* Project object */ = {
			isa = PBXProject;
			attributes = {
				BuildIndependentTargetsInParallel = 1;
				LastSwiftUpdateCheck = 1540;
				LastUpgradeCheck = 1540;
				TargetAttributes = {
					451A54E62C10C84600A75651 = {
						CreatedOnToolsVersion = 15.4;
					};
				};
			};
			buildConfigurationList = 451A54E22C10C84600A75651 /* Build configuration list for PBXProject "chefrecipes" */;
			compatibilityVersion = "Xcode 14.0";
			developmentRegion = en;
			hasScannedForEncodings = 0;
			knownRegions = (
				en,
				Base,
			);
			mainGroup = 451A54DE2C10C84600A75651;
			packageReferences = (
				451A54FB2C120B9C00A75651 /* XCRemoteSwiftPackageReference "firebase-ios-sdk" */,
			);
			productRefGroup = 451A54E82C10C84600A75651 /* Products */;
			projectDirPath = "";
			projectRoot = "";
			targets = (
				451A54E62C10C84600A75651 /* chefrecipes */,
			);
		};
/* End PBXProject section */

/* Begin PBXResourcesBuildPhase section */
		451A54E52C10C84600A75651 /* Resources */ = {
			isa = PBXResourcesBuildPhase;
			buildActionMask = 2147483647;
			files = (
				451A54F22C10C84800A75651 /* Preview Assets.xcassets in Resources */,
				451A54EF2C10C84800A75651 /* Assets.xcassets in Resources */,
				451A54FA2C120B5E00A75651 /* GoogleService-Info.plist in Resources */,
			);
			runOnlyForDeploymentPostprocessing = 0;
		};
/* End PBXResourcesBuildPhase section */

/* Begin PBXSourcesBuildPhase section */
		451A54E32C10C84600A75651 /* Sources */ = {
			isa = PBXSourcesBuildPhase;
			buildActionMask = 2147483647;
			files = (
				451A55162C12246300A75651 /* HomeView.swift in Sources */,
				45D67C502C175C5600086E08 /* InfoView.swift in Sources */,
				451A550B2C121C7900A75651 /* AuthenticationViewModel.swift in Sources */,
				45933CC72C1841760088204B /* ProfileRepository.swift in Sources */,
				45266F732C175A4100BC5527 /* ProfileView.swift in Sources */,
				45933CC92C185E6D0088204B /* MyRecipeDataView.swift in Sources */,
				45933CCE2C18665C0088204B /* RecipeViewModel.swift in Sources */,
				45CD11E02C1B067100ECD1B7 /* MostSavedRecipesView.swift in Sources */,
				451A54ED2C10C84600A75651 /* AuthenticationView.swift in Sources */,
				451A55042C121BA200A75651 /* AuthenticationFirebaseDataSource.swift in Sources */,
				45933CD22C189E4D0088204B /* RecipeRepository.swift in Sources */,
				451A54EB2C10C84600A75651 /* chefrecipesApp.swift in Sources */,
				451A550F2C121FE200A75651 /* LoginWithEmail.swift in Sources */,
				451A55092C121C4E00A75651 /* AuthenticationRepository.swift in Sources */,
				45933CD42C1AEA6C0088204B /* UserHomeView.swift in Sources */,
				45933CCB2C1863B70088204B /* NewRecipeSheet.swift in Sources */,
				451A550D2C121FC500A75651 /* RegisterWithEmailView.swift in Sources */,
				45933CC52C1841690088204B /* ProfileDataSource.swift in Sources */,
				45D67C542C175CBA00086E08 /* ProfileViewModel.swift in Sources */,
				45CD11DE2C1AEF7200ECD1B7 /* RecipeOfTheDayView.swift in Sources */,
				45D67C522C175C6600086E08 /* MyRecipesView.swift in Sources */,
				45933CD02C189E410088204B /* RecipeDataSource.swift in Sources */,
				451A55022C121B2600A75651 /* DismissView.swift in Sources */,
			);
			runOnlyForDeploymentPostprocessing = 0;
		};
/* End PBXSourcesBuildPhase section */

/* Begin XCBuildConfiguration section */
		451A54F32C10C84800A75651 /* Debug */ = {
			isa = XCBuildConfiguration;
			buildSettings = {
				ALWAYS_SEARCH_USER_PATHS = NO;
				ASSETCATALOG_COMPILER_GENERATE_SWIFT_ASSET_SYMBOL_EXTENSIONS = YES;
				CLANG_ANALYZER_NONNULL = YES;
				CLANG_ANALYZER_NUMBER_OBJECT_CONVERSION = YES_AGGRESSIVE;
				CLANG_CXX_LANGUAGE_STANDARD = "gnu++20";
				CLANG_ENABLE_MODULES = YES;
				CLANG_ENABLE_OBJC_ARC = YES;
				CLANG_ENABLE_OBJC_WEAK = YES;
				CLANG_WARN_BLOCK_CAPTURE_AUTORELEASING = YES;
				CLANG_WARN_BOOL_CONVERSION = YES;
				CLANG_WARN_COMMA = YES;
				CLANG_WARN_CONSTANT_CONVERSION = YES;
				CLANG_WARN_DEPRECATED_OBJC_IMPLEMENTATIONS = YES;
				CLANG_WARN_DIRECT_OBJC_ISA_USAGE = YES_ERROR;
				CLANG_WARN_DOCUMENTATION_COMMENTS = YES;
				CLANG_WARN_EMPTY_BODY = YES;
				CLANG_WARN_ENUM_CONVERSION = YES;
				CLANG_WARN_INFINITE_RECURSION = YES;
				CLANG_WARN_INT_CONVERSION = YES;
				CLANG_WARN_NON_LITERAL_NULL_CONVERSION = YES;
				CLANG_WARN_OBJC_IMPLICIT_RETAIN_SELF = YES;
				CLANG_WARN_OBJC_LITERAL_CONVERSION = YES;
				CLANG_WARN_OBJC_ROOT_CLASS = YES_ERROR;
				CLANG_WARN_QUOTED_INCLUDE_IN_FRAMEWORK_HEADER = YES;
				CLANG_WARN_RANGE_LOOP_ANALYSIS = YES;
				CLANG_WARN_STRICT_PROTOTYPES = YES;
				CLANG_WARN_SUSPICIOUS_MOVE = YES;
				CLANG_WARN_UNGUARDED_AVAILABILITY = YES_AGGRESSIVE;
				CLANG_WARN_UNREACHABLE_CODE = YES;
				CLANG_WARN__DUPLICATE_METHOD_MATCH = YES;
				COPY_PHASE_STRIP = NO;
				DEBUG_INFORMATION_FORMAT = dwarf;
				ENABLE_STRICT_OBJC_MSGSEND = YES;
				ENABLE_TESTABILITY = YES;
				ENABLE_USER_SCRIPT_SANDBOXING = YES;
				GCC_C_LANGUAGE_STANDARD = gnu17;
				GCC_DYNAMIC_NO_PIC = NO;
				GCC_NO_COMMON_BLOCKS = YES;
				GCC_OPTIMIZATION_LEVEL = 0;
				GCC_PREPROCESSOR_DEFINITIONS = (
					"DEBUG=1",
					"$(inherited)",
				);
				GCC_WARN_64_TO_32_BIT_CONVERSION = YES;
				GCC_WARN_ABOUT_RETURN_TYPE = YES_ERROR;
				GCC_WARN_UNDECLARED_SELECTOR = YES;
				GCC_WARN_UNINITIALIZED_AUTOS = YES_AGGRESSIVE;
				GCC_WARN_UNUSED_FUNCTION = YES;
				GCC_WARN_UNUSED_VARIABLE = YES;
				IPHONEOS_DEPLOYMENT_TARGET = 17.5;
				LOCALIZATION_PREFERS_STRING_CATALOGS = YES;
				MTL_ENABLE_DEBUG_INFO = INCLUDE_SOURCE;
				MTL_FAST_MATH = YES;
				ONLY_ACTIVE_ARCH = YES;
				SDKROOT = iphoneos;
				SWIFT_ACTIVE_COMPILATION_CONDITIONS = "DEBUG $(inherited)";
				SWIFT_OPTIMIZATION_LEVEL = "-Onone";
			};
			name = Debug;
		};
		451A54F42C10C84800A75651 /* Release */ = {
			isa = XCBuildConfiguration;
			buildSettings = {
				ALWAYS_SEARCH_USER_PATHS = NO;
				ASSETCATALOG_COMPILER_GENERATE_SWIFT_ASSET_SYMBOL_EXTENSIONS = YES;
				CLANG_ANALYZER_NONNULL = YES;
				CLANG_ANALYZER_NUMBER_OBJECT_CONVERSION = YES_AGGRESSIVE;
				CLANG_CXX_LANGUAGE_STANDARD = "gnu++20";
				CLANG_ENABLE_MODULES = YES;
				CLANG_ENABLE_OBJC_ARC = YES;
				CLANG_ENABLE_OBJC_WEAK = YES;
				CLANG_WARN_BLOCK_CAPTURE_AUTORELEASING = YES;
				CLANG_WARN_BOOL_CONVERSION = YES;
				CLANG_WARN_COMMA = YES;
				CLANG_WARN_CONSTANT_CONVERSION = YES;
				CLANG_WARN_DEPRECATED_OBJC_IMPLEMENTATIONS = YES;
				CLANG_WARN_DIRECT_OBJC_ISA_USAGE = YES_ERROR;
				CLANG_WARN_DOCUMENTATION_COMMENTS = YES;
				CLANG_WARN_EMPTY_BODY = YES;
				CLANG_WARN_ENUM_CONVERSION = YES;
				CLANG_WARN_INFINITE_RECURSION = YES;
				CLANG_WARN_INT_CONVERSION = YES;
				CLANG_WARN_NON_LITERAL_NULL_CONVERSION = YES;
				CLANG_WARN_OBJC_IMPLICIT_RETAIN_SELF = YES;
				CLANG_WARN_OBJC_LITERAL_CONVERSION = YES;
				CLANG_WARN_OBJC_ROOT_CLASS = YES_ERROR;
				CLANG_WARN_QUOTED_INCLUDE_IN_FRAMEWORK_HEADER = YES;
				CLANG_WARN_RANGE_LOOP_ANALYSIS = YES;
				CLANG_WARN_STRICT_PROTOTYPES = YES;
				CLANG_WARN_SUSPICIOUS_MOVE = YES;
				CLANG_WARN_UNGUARDED_AVAILABILITY = YES_AGGRESSIVE;
				CLANG_WARN_UNREACHABLE_CODE = YES;
				CLANG_WARN__DUPLICATE_METHOD_MATCH = YES;
				COPY_PHASE_STRIP = NO;
				DEBUG_INFORMATION_FORMAT = "dwarf-with-dsym";
				ENABLE_NS_ASSERTIONS = NO;
				ENABLE_STRICT_OBJC_MSGSEND = YES;
				ENABLE_USER_SCRIPT_SANDBOXING = YES;
				GCC_C_LANGUAGE_STANDARD = gnu17;
				GCC_NO_COMMON_BLOCKS = YES;
				GCC_WARN_64_TO_32_BIT_CONVERSION = YES;
				GCC_WARN_ABOUT_RETURN_TYPE = YES_ERROR;
				GCC_WARN_UNDECLARED_SELECTOR = YES;
				GCC_WARN_UNINITIALIZED_AUTOS = YES_AGGRESSIVE;
				GCC_WARN_UNUSED_FUNCTION = YES;
				GCC_WARN_UNUSED_VARIABLE = YES;
				IPHONEOS_DEPLOYMENT_TARGET = 17.5;
				LOCALIZATION_PREFERS_STRING_CATALOGS = YES;
				MTL_ENABLE_DEBUG_INFO = NO;
				MTL_FAST_MATH = YES;
				SDKROOT = iphoneos;
				SWIFT_COMPILATION_MODE = wholemodule;
				VALIDATE_PRODUCT = YES;
			};
			name = Release;
		};
		451A54F62C10C84800A75651 /* Debug */ = {
			isa = XCBuildConfiguration;
			buildSettings = {
				ASSETCATALOG_COMPILER_APPICON_NAME = AppIcon;
				ASSETCATALOG_COMPILER_GLOBAL_ACCENT_COLOR_NAME = AccentColor;
				CODE_SIGN_STYLE = Automatic;
				CURRENT_PROJECT_VERSION = 1;
				DEVELOPMENT_ASSET_PATHS = "\"chefrecipes/Preview Content\"";
				ENABLE_PREVIEWS = YES;
				GENERATE_INFOPLIST_FILE = YES;
				INFOPLIST_KEY_UIApplicationSceneManifest_Generation = YES;
				INFOPLIST_KEY_UIApplicationSupportsIndirectInputEvents = YES;
				INFOPLIST_KEY_UILaunchScreen_Generation = YES;
				INFOPLIST_KEY_UISupportedInterfaceOrientations_iPad = "UIInterfaceOrientationPortrait UIInterfaceOrientationPortraitUpsideDown UIInterfaceOrientationLandscapeLeft UIInterfaceOrientationLandscapeRight";
				INFOPLIST_KEY_UISupportedInterfaceOrientations_iPhone = "UIInterfaceOrientationPortrait UIInterfaceOrientationLandscapeLeft UIInterfaceOrientationLandscapeRight";
				LD_RUNPATH_SEARCH_PATHS = (
					"$(inherited)",
					"@executable_path/Frameworks",
				);
				MARKETING_VERSION = 1.0;
				PRODUCT_BUNDLE_IDENTIFIER = dev.ruben.chefrecipes;
				PRODUCT_NAME = "$(TARGET_NAME)";
				SWIFT_EMIT_LOC_STRINGS = YES;
				SWIFT_VERSION = 5.0;
				TARGETED_DEVICE_FAMILY = "1,2";
			};
			name = Debug;
		};
		451A54F72C10C84800A75651 /* Release */ = {
			isa = XCBuildConfiguration;
			buildSettings = {
				ASSETCATALOG_COMPILER_APPICON_NAME = AppIcon;
				ASSETCATALOG_COMPILER_GLOBAL_ACCENT_COLOR_NAME = AccentColor;
				CODE_SIGN_STYLE = Automatic;
				CURRENT_PROJECT_VERSION = 1;
				DEVELOPMENT_ASSET_PATHS = "\"chefrecipes/Preview Content\"";
				ENABLE_PREVIEWS = YES;
				GENERATE_INFOPLIST_FILE = YES;
				INFOPLIST_KEY_UIApplicationSceneManifest_Generation = YES;
				INFOPLIST_KEY_UIApplicationSupportsIndirectInputEvents = YES;
				INFOPLIST_KEY_UILaunchScreen_Generation = YES;
				INFOPLIST_KEY_UISupportedInterfaceOrientations_iPad = "UIInterfaceOrientationPortrait UIInterfaceOrientationPortraitUpsideDown UIInterfaceOrientationLandscapeLeft UIInterfaceOrientationLandscapeRight";
				INFOPLIST_KEY_UISupportedInterfaceOrientations_iPhone = "UIInterfaceOrientationPortrait UIInterfaceOrientationLandscapeLeft UIInterfaceOrientationLandscapeRight";
				LD_RUNPATH_SEARCH_PATHS = (
					"$(inherited)",
					"@executable_path/Frameworks",
				);
				MARKETING_VERSION = 1.0;
				PRODUCT_BUNDLE_IDENTIFIER = dev.ruben.chefrecipes;
				PRODUCT_NAME = "$(TARGET_NAME)";
				SWIFT_EMIT_LOC_STRINGS = YES;
				SWIFT_VERSION = 5.0;
				TARGETED_DEVICE_FAMILY = "1,2";
			};
			name = Release;
		};
/* End XCBuildConfiguration section */

/* Begin XCConfigurationList section */
		451A54E22C10C84600A75651 /* Build configuration list for PBXProject "chefrecipes" */ = {
			isa = XCConfigurationList;
			buildConfigurations = (
				451A54F32C10C84800A75651 /* Debug */,
				451A54F42C10C84800A75651 /* Release */,
			);
			defaultConfigurationIsVisible = 0;
			defaultConfigurationName = Release;
		};
		451A54F52C10C84800A75651 /* Build configuration list for PBXNativeTarget "chefrecipes" */ = {
			isa = XCConfigurationList;
			buildConfigurations = (
				451A54F62C10C84800A75651 /* Debug */,
				451A54F72C10C84800A75651 /* Release */,
			);
			defaultConfigurationIsVisible = 0;
			defaultConfigurationName = Release;
		};
/* End XCConfigurationList section */

/* Begin XCRemoteSwiftPackageReference section */
		451A54FB2C120B9C00A75651 /* XCRemoteSwiftPackageReference "firebase-ios-sdk" */ = {
			isa = XCRemoteSwiftPackageReference;
			repositoryURL = "https://github.com/firebase/firebase-ios-sdk.git";
			requirement = {
				kind = upToNextMajorVersion;
				minimumVersion = 10.27.0;
			};
		};
/* End XCRemoteSwiftPackageReference section */

/* Begin XCSwiftPackageProductDependency section */
		451A54FC2C120B9C00A75651 /* FirebaseAnalytics */ = {
			isa = XCSwiftPackageProductDependency;
			package = 451A54FB2C120B9C00A75651 /* XCRemoteSwiftPackageReference "firebase-ios-sdk" */;
			productName = FirebaseAnalytics;
		};
		451A55062C121BE400A75651 /* FirebaseAuth */ = {
			isa = XCSwiftPackageProductDependency;
			package = 451A54FB2C120B9C00A75651 /* XCRemoteSwiftPackageReference "firebase-ios-sdk" */;
			productName = FirebaseAuth;
		};
		451A55172C14676700A75651 /* FirebaseFirestore */ = {
			isa = XCSwiftPackageProductDependency;
			package = 451A54FB2C120B9C00A75651 /* XCRemoteSwiftPackageReference "firebase-ios-sdk" */;
			productName = FirebaseFirestore;
		};
/* End XCSwiftPackageProductDependency section */
	};
	rootObject = 451A54DF2C10C84600A75651 /* Project object */;
}
